
Microsoft Visual Studio Solution File, Format Version 12.00
# Visual Studio Version 16
VisualStudioVersion = 16.0.28803.156
MinimumVisualStudioVersion = 10.0.40219.1
Project("{9A19103F-16F7-4668-BE54-9A1E7A4F7556}") = "Cake.ResourceHacker", "Cake.ResourceHacker\Cake.ResourceHacker.csproj", "{FD486426-7B7F-4A53-9930-AE077C7D5106}"
EndProject
Project("{9A19103F-16F7-4668-BE54-9A1E7A4F7556}") = "Cake.ResourceHacker.Tests", "Cake.ResourceHacker.Tests\Cake.ResourceHacker.Tests.csproj", "{77411B61-1819-48DD-B527-C6ADA303EDF2}"
EndProject
Project("{2150E333-8FDC-42A3-9474-1A3956D46DE8}") = "Solution Items", "Solution Items", "{3509B976-7BAF-4918-949C-41F194C5E424}"
	ProjectSection(SolutionItems) = preProject
		..\.appveyor.yml = ..\.appveyor.yml
		..\.gitignore = ..\.gitignore
		..\nuspec\nuget\Cake.ResourceHacker.nuspec = ..\nuspec\nuget\Cake.ResourceHacker.nuspec
		..\LICENSE = ..\LICENSE
		..\tools\packages.config = ..\tools\packages.config
		..\README.md = ..\README.md
		..\setup.cake = ..\setup.cake
	EndProjectSection
EndProject
Global
	GlobalSection(SolutionConfigurationPlatforms) = preSolution
		Debug|Any CPU = Debug|Any CPU
		Release|Any CPU = Release|Any CPU
	EndGlobalSection
	GlobalSection(ProjectConfigurationPlatforms) = postSolution
		{FD486426-7B7F-4A53-9930-AE077C7D5106}.Debug|Any CPU.ActiveCfg = Debug|Any CPU
		{FD486426-7B7F-4A53-9930-AE077C7D5106}.Debug|Any CPU.Build.0 = Debug|Any CPU
		{FD486426-7B7F-4A53-9930-AE077C7D5106}.Release|Any CPU.ActiveCfg = Release|Any CPU
		{FD486426-7B7F-4A53-9930-AE077C7D5106}.Release|Any CPU.Build.0 = Release|Any CPU
		{77411B61-1819-48DD-B527-C6ADA303EDF2}.Debug|Any CPU.ActiveCfg = Debug|Any CPU
		{77411B61-1819-48DD-B527-C6ADA303EDF2}.Debug|Any CPU.Build.0 = Debug|Any CPU
		{77411B61-1819-48DD-B527-C6ADA303EDF2}.Release|Any CPU.ActiveCfg = Release|Any CPU
		{77411B61-1819-48DD-B527-C6ADA303EDF2}.Release|Any CPU.Build.0 = Release|Any CPU
	EndGlobalSection
	GlobalSection(SolutionProperties) = preSolution
		HideSolutionNode = FALSE
	EndGlobalSection
	GlobalSection(ExtensibilityGlobals) = postSolution
		SolutionGuid = {A93D86A1-3D96-429E-8422-AB94C1003A04}
	EndGlobalSection
EndGlobal
